
Microsoft Visual Studio Solution File, Format Version 12.00
# Visual Studio 15
VisualStudioVersion = 15.0.28307.271
MinimumVisualStudioVersion = 10.0.40219.1
Project("{FAE04EC0-301F-11D3-BF4B-00C04F79EFBC}") = "Guessing Game", "Guessing Game\Guessing Game.csproj", "{5AC520B3-684E-415F-A51E-6EDD0DE3F96F}"
EndProject
Global
	GlobalSection(SolutionConfigurationPlatforms) = preSolution
		Debug|Any CPU = Debug|Any CPU
		Release|Any CPU = Release|Any CPU
	EndGlobalSection
	GlobalSection(ProjectConfigurationPlatforms) = postSolution
		{5AC520B3-684E-415F-A51E-6EDD0DE3F96F}.Debug|Any CPU.ActiveCfg = Debug|Any CPU
		{5AC520B3-684E-415F-A51E-6EDD0DE3F96F}.Debug|Any CPU.Build.0 = Debug|Any CPU
		{5AC520B3-684E-415F-A51E-6EDD0DE3F96F}.Release|Any CPU.ActiveCfg = Release|Any CPU
		{5AC520B3-684E-415F-A51E-6EDD0DE3F96F}.Release|Any CPU.Build.0 = Release|Any CPU
	EndGlobalSection
	GlobalSection(SolutionProperties) = preSolution
		HideSolutionNode = FALSE
	EndGlobalSection
	GlobalSection(ExtensibilityGlobals) = postSolution
		SolutionGuid = {DF76CFA4-E2E1-4A84-8015-858726877DD4}
	EndGlobalSection
EndGlobal
